
Microsoft Visual Studio Solution File, Format Version 12.00
# Visual Studio 2013
VisualStudioVersion = 12.0.30501.0
MinimumVisualStudioVersion = 10.0.40219.1
Project("{FAE04EC0-301F-11D3-BF4B-00C04F79EFBC}") = "Kbtter4", "Kbtter4\Kbtter4.csproj", "{BA460E68-2BE4-47DF-A441-B59B31A26A65}"
EndProject
Project("{2150E333-8FDC-42A3-9474-1A3956D46DE8}") = ".nuget", ".nuget", "{B05299C3-1D18-4DCB-837F-2F5CEF20D78C}"
	ProjectSection(SolutionItems) = preProject
		.nuget\NuGet.Config = .nuget\NuGet.Config
		.nuget\NuGet.exe = .nuget\NuGet.exe
		.nuget\NuGet.targets = .nuget\NuGet.targets
	EndProjectSection
EndProject
Project("{FAE04EC0-301F-11D3-BF4B-00C04F79EFBC}") = "Kbtter3.Query", "Kbtter3.Query\Kbtter3.Query.csproj", "{8546DB30-0F0B-4378-BA4E-B0A4F71F960C}"
EndProject
Project("{FAE04EC0-301F-11D3-BF4B-00C04F79EFBC}") = "Kbtter4.KomichiAya", "Kbtter4.KomichiAya\Kbtter4.KomichiAya.csproj", "{5F526061-A309-4CE3-A266-CFE4DFD27C54}"
EndProject
Project("{FAE04EC0-301F-11D3-BF4B-00C04F79EFBC}") = "Kbtter4.HinanawiTenshi", "Kbtter4.HinanawiTenshi\Kbtter4.HinanawiTenshi.csproj", "{A37E0C79-8537-455C-893A-8A86239D10C9}"
EndProject
Global
	GlobalSection(SolutionConfigurationPlatforms) = preSolution
		Debug|x86 = Debug|x86
		Release|x86 = Release|x86
	EndGlobalSection
	GlobalSection(ProjectConfigurationPlatforms) = postSolution
		{BA460E68-2BE4-47DF-A441-B59B31A26A65}.Debug|x86.ActiveCfg = Debug|x86
		{BA460E68-2BE4-47DF-A441-B59B31A26A65}.Debug|x86.Build.0 = Debug|x86
		{BA460E68-2BE4-47DF-A441-B59B31A26A65}.Release|x86.ActiveCfg = Release|x86
		{BA460E68-2BE4-47DF-A441-B59B31A26A65}.Release|x86.Build.0 = Release|x86
		{8546DB30-0F0B-4378-BA4E-B0A4F71F960C}.Debug|x86.ActiveCfg = Debug|x86
		{8546DB30-0F0B-4378-BA4E-B0A4F71F960C}.Debug|x86.Build.0 = Debug|x86
		{8546DB30-0F0B-4378-BA4E-B0A4F71F960C}.Release|x86.ActiveCfg = Release|x86
		{8546DB30-0F0B-4378-BA4E-B0A4F71F960C}.Release|x86.Build.0 = Release|x86
		{5F526061-A309-4CE3-A266-CFE4DFD27C54}.Debug|x86.ActiveCfg = Debug|x86
		{5F526061-A309-4CE3-A266-CFE4DFD27C54}.Debug|x86.Build.0 = Debug|x86
		{5F526061-A309-4CE3-A266-CFE4DFD27C54}.Release|x86.ActiveCfg = Release|x86
		{5F526061-A309-4CE3-A266-CFE4DFD27C54}.Release|x86.Build.0 = Release|x86
		{A37E0C79-8537-455C-893A-8A86239D10C9}.Debug|x86.ActiveCfg = Debug|x86
		{A37E0C79-8537-455C-893A-8A86239D10C9}.Debug|x86.Build.0 = Debug|x86
		{A37E0C79-8537-455C-893A-8A86239D10C9}.Release|x86.ActiveCfg = Release|x86
		{A37E0C79-8537-455C-893A-8A86239D10C9}.Release|x86.Build.0 = Release|x86
	EndGlobalSection
	GlobalSection(SolutionProperties) = preSolution
		HideSolutionNode = FALSE
	EndGlobalSection
EndGlobal
